// !$*UTF8*$!
{
	archiveVersion = 1;
	classes = {
	};
	objectVersion = 48;
	objects = {

/* Begin PBXBuildFile section */
		84297EF81F8E85C200FE209D /* Alamofire.framework in Frameworks */ = {isa = PBXBuildFile; fileRef = 84297EEB1F8E85B800FE209D /* Alamofire.framework */; };
		84297EF91F8E85C200FE209D /* Alamofire.framework in Embed Frameworks */ = {isa = PBXBuildFile; fileRef = 84297EEB1F8E85B800FE209D /* Alamofire.framework */; settings = {ATTRIBUTES = (CodeSignOnCopy, RemoveHeadersOnCopy, ); }; };
		84E49A611F8A5A7A005F7F33 /* AppDelegate.swift in Sources */ = {isa = PBXBuildFile; fileRef = 84E49A601F8A5A7A005F7F33 /* AppDelegate.swift */; };
		84E49A631F8A5A7A005F7F33 /* ViewController.swift in Sources */ = {isa = PBXBuildFile; fileRef = 84E49A621F8A5A7A005F7F33 /* ViewController.swift */; };
		84E49A661F8A5A7A005F7F33 /* Main.storyboard in Resources */ = {isa = PBXBuildFile; fileRef = 84E49A641F8A5A7A005F7F33 /* Main.storyboard */; };
		84E49A691F8A5A7A005F7F33 /* kontProject.xcdatamodeld in Sources */ = {isa = PBXBuildFile; fileRef = 84E49A671F8A5A7A005F7F33 /* kontProject.xcdatamodeld */; };
		84E49A6B1F8A5A7A005F7F33 /* Assets.xcassets in Resources */ = {isa = PBXBuildFile; fileRef = 84E49A6A1F8A5A7A005F7F33 /* Assets.xcassets */; };
		84E49A6E1F8A5A7A005F7F33 /* LaunchScreen.storyboard in Resources */ = {isa = PBXBuildFile; fileRef = 84E49A6C1F8A5A7A005F7F33 /* LaunchScreen.storyboard */; };
		84E49A791F8A5A7A005F7F33 /* kontProjectTests.swift in Sources */ = {isa = PBXBuildFile; fileRef = 84E49A781F8A5A7A005F7F33 /* kontProjectTests.swift */; };
		84E49A841F8A5A7A005F7F33 /* kontProjectUITests.swift in Sources */ = {isa = PBXBuildFile; fileRef = 84E49A831F8A5A7A005F7F33 /* kontProjectUITests.swift */; };
		84E49A921F8A60D4005F7F33 /* Cartfile in Resources */ = {isa = PBXBuildFile; fileRef = 84E49A911F8A60D4005F7F33 /* Cartfile */; };
/* End PBXBuildFile section */

/* Begin PBXContainerItemProxy section */
		84297EEA1F8E85B800FE209D /* PBXContainerItemProxy */ = {
			isa = PBXContainerItemProxy;
			containerPortal = 84297EDF1F8E85B700FE209D /* Alamofire.xcodeproj */;
			proxyType = 2;
			remoteGlobalIDString = F8111E3319A95C8B0040E7D1;
			remoteInfo = "Alamofire iOS";
		};
		84297EEC1F8E85B800FE209D /* PBXContainerItemProxy */ = {
			isa = PBXContainerItemProxy;
			containerPortal = 84297EDF1F8E85B700FE209D /* Alamofire.xcodeproj */;
			proxyType = 2;
			remoteGlobalIDString = F8111E3E19A95C8B0040E7D1;
			remoteInfo = "Alamofire iOS Tests";
		};
		84297EEE1F8E85B800FE209D /* PBXContainerItemProxy */ = {
			isa = PBXContainerItemProxy;
			containerPortal = 84297EDF1F8E85B700FE209D /* Alamofire.xcodeproj */;
			proxyType = 2;
			remoteGlobalIDString = 4DD67C0B1A5C55C900ED2280;
			remoteInfo = "Alamofire macOS";
		};
		84297EF01F8E85B800FE209D /* PBXContainerItemProxy */ = {
			isa = PBXContainerItemProxy;
			containerPortal = 84297EDF1F8E85B700FE209D /* Alamofire.xcodeproj */;
			proxyType = 2;
			remoteGlobalIDString = F829C6B21A7A94F100A2CD59;
			remoteInfo = "Alamofire macOS Tests";
		};
		84297EF21F8E85B800FE209D /* PBXContainerItemProxy */ = {
			isa = PBXContainerItemProxy;
			containerPortal = 84297EDF1F8E85B700FE209D /* Alamofire.xcodeproj */;
			proxyType = 2;
			remoteGlobalIDString = 4CF626EF1BA7CB3E0011A099;
			remoteInfo = "Alamofire tvOS";
		};
		84297EF41F8E85B800FE209D /* PBXContainerItemProxy */ = {
			isa = PBXContainerItemProxy;
			containerPortal = 84297EDF1F8E85B700FE209D /* Alamofire.xcodeproj */;
			proxyType = 2;
			remoteGlobalIDString = 4CF626F81BA7CB3E0011A099;
			remoteInfo = "Alamofire tvOS Tests";
		};
		84297EF61F8E85B800FE209D /* PBXContainerItemProxy */ = {
			isa = PBXContainerItemProxy;
			containerPortal = 84297EDF1F8E85B700FE209D /* Alamofire.xcodeproj */;
			proxyType = 2;
			remoteGlobalIDString = E4202FE01B667AA100C997FB;
			remoteInfo = "Alamofire watchOS";
		};
		84297EFA1F8E85C200FE209D /* PBXContainerItemProxy */ = {
			isa = PBXContainerItemProxy;
			containerPortal = 84297EDF1F8E85B700FE209D /* Alamofire.xcodeproj */;
			proxyType = 1;
			remoteGlobalIDString = F8111E3219A95C8B0040E7D1;
			remoteInfo = "Alamofire iOS";
		};
		84E49A751F8A5A7A005F7F33 /* PBXContainerItemProxy */ = {
			isa = PBXContainerItemProxy;
			containerPortal = 84E49A551F8A5A7A005F7F33 /* Project object */;
			proxyType = 1;
			remoteGlobalIDString = 84E49A5C1F8A5A7A005F7F33;
			remoteInfo = kontProject;
		};
		84E49A801F8A5A7A005F7F33 /* PBXContainerItemProxy */ = {
			isa = PBXContainerItemProxy;
			containerPortal = 84E49A551F8A5A7A005F7F33 /* Project object */;
			proxyType = 1;
			remoteGlobalIDString = 84E49A5C1F8A5A7A005F7F33;
			remoteInfo = kontProject;
		};
/* End PBXContainerItemProxy section */

/* Begin PBXCopyFilesBuildPhase section */
		84297EDE1F8E7C1100FE209D /* Embed Frameworks */ = {
			isa = PBXCopyFilesBuildPhase;
			buildActionMask = 2147483647;
			dstPath = "";
			dstSubfolderSpec = 10;
			files = (
				84297EF91F8E85C200FE209D /* Alamofire.framework in Embed Frameworks */,
			);
			name = "Embed Frameworks";
			runOnlyForDeploymentPostprocessing = 0;
		};
/* End PBXCopyFilesBuildPhase section */

/* Begin PBXFileReference section */
		84297E5F1F8C102700FE209D /* CoreLocation.framework */ = {isa = PBXFileReference; lastKnownFileType = wrapper.framework; name = CoreLocation.framework; path = System/Library/Frameworks/CoreLocation.framework; sourceTree = SDKROOT; };
		84297EDF1F8E85B700FE209D /* Alamofire.xcodeproj */ = {isa = PBXFileReference; lastKnownFileType = "wrapper.pb-project"; name = Alamofire.xcodeproj; path = Carthage/Checkouts/Alamofire/Alamofire.xcodeproj; sourceTree = "<group>"; };
		84E49A5D1F8A5A7A005F7F33 /* kontProject.app */ = {isa = PBXFileReference; explicitFileType = wrapper.application; includeInIndex = 0; path = kontProject.app; sourceTree = BUILT_PRODUCTS_DIR; };
		84E49A601F8A5A7A005F7F33 /* AppDelegate.swift */ = {isa = PBXFileReference; lastKnownFileType = sourcecode.swift; path = AppDelegate.swift; sourceTree = "<group>"; };
		84E49A621F8A5A7A005F7F33 /* ViewController.swift */ = {isa = PBXFileReference; lastKnownFileType = sourcecode.swift; path = ViewController.swift; sourceTree = "<group>"; };
		84E49A651F8A5A7A005F7F33 /* Base */ = {isa = PBXFileReference; lastKnownFileType = file.storyboard; name = Base; path = Base.lproj/Main.storyboard; sourceTree = "<group>"; };
		84E49A681F8A5A7A005F7F33 /* kontProject.xcdatamodel */ = {isa = PBXFileReference; lastKnownFileType = wrapper.xcdatamodel; path = kontProject.xcdatamodel; sourceTree = "<group>"; };
		84E49A6A1F8A5A7A005F7F33 /* Assets.xcassets */ = {isa = PBXFileReference; lastKnownFileType = folder.assetcatalog; path = Assets.xcassets; sourceTree = "<group>"; };
		84E49A6D1F8A5A7A005F7F33 /* Base */ = {isa = PBXFileReference; lastKnownFileType = file.storyboard; name = Base; path = Base.lproj/LaunchScreen.storyboard; sourceTree = "<group>"; };
		84E49A6F1F8A5A7A005F7F33 /* Info.plist */ = {isa = PBXFileReference; lastKnownFileType = text.plist.xml; path = Info.plist; sourceTree = "<group>"; };
		84E49A741F8A5A7A005F7F33 /* kontProjectTests.xctest */ = {isa = PBXFileReference; explicitFileType = wrapper.cfbundle; includeInIndex = 0; path = kontProjectTests.xctest; sourceTree = BUILT_PRODUCTS_DIR; };
		84E49A781F8A5A7A005F7F33 /* kontProjectTests.swift */ = {isa = PBXFileReference; lastKnownFileType = sourcecode.swift; path = kontProjectTests.swift; sourceTree = "<group>"; };
		84E49A7A1F8A5A7A005F7F33 /* Info.plist */ = {isa = PBXFileReference; lastKnownFileType = text.plist.xml; path = Info.plist; sourceTree = "<group>"; };
		84E49A7F1F8A5A7A005F7F33 /* kontProjectUITests.xctest */ = {isa = PBXFileReference; explicitFileType = wrapper.cfbundle; includeInIndex = 0; path = kontProjectUITests.xctest; sourceTree = BUILT_PRODUCTS_DIR; };
		84E49A831F8A5A7A005F7F33 /* kontProjectUITests.swift */ = {isa = PBXFileReference; lastKnownFileType = sourcecode.swift; path = kontProjectUITests.swift; sourceTree = "<group>"; };
		84E49A851F8A5A7A005F7F33 /* Info.plist */ = {isa = PBXFileReference; lastKnownFileType = text.plist.xml; path = Info.plist; sourceTree = "<group>"; };
		84E49A911F8A60D4005F7F33 /* Cartfile */ = {isa = PBXFileReference; lastKnownFileType = text; path = Cartfile; sourceTree = "<group>"; };
/* End PBXFileReference section */

/* Begin PBXFrameworksBuildPhase section */
		84E49A5A1F8A5A7A005F7F33 /* Frameworks */ = {
			isa = PBXFrameworksBuildPhase;
			buildActionMask = 2147483647;
			files = (
				84297EF81F8E85C200FE209D /* Alamofire.framework in Frameworks */,
			);
			runOnlyForDeploymentPostprocessing = 0;
		};
		84E49A711F8A5A7A005F7F33 /* Frameworks */ = {
			isa = PBXFrameworksBuildPhase;
			buildActionMask = 2147483647;
			files = (
			);
			runOnlyForDeploymentPostprocessing = 0;
		};
		84E49A7C1F8A5A7A005F7F33 /* Frameworks */ = {
			isa = PBXFrameworksBuildPhase;
			buildActionMask = 2147483647;
			files = (
			);
			runOnlyForDeploymentPostprocessing = 0;
		};
/* End PBXFrameworksBuildPhase section */

/* Begin PBXGroup section */
		84297E5E1F8C102600FE209D /* Frameworks */ = {
			isa = PBXGroup;
			children = (
				84297E5F1F8C102700FE209D /* CoreLocation.framework */,
			);
			name = Frameworks;
			sourceTree = "<group>";
		};
		84297EE01F8E85B700FE209D /* Products */ = {
			isa = PBXGroup;
			children = (
				84297EEB1F8E85B800FE209D /* Alamofire.framework */,
				84297EED1F8E85B800FE209D /* Alamofire iOS Tests.xctest */,
				84297EEF1F8E85B800FE209D /* Alamofire.framework */,
				84297EF11F8E85B800FE209D /* Alamofire macOS Tests.xctest */,
				84297EF31F8E85B800FE209D /* Alamofire.framework */,
				84297EF51F8E85B800FE209D /* Alamofire tvOS Tests.xctest */,
				84297EF71F8E85B800FE209D /* Alamofire.framework */,
			);
			name = Products;
			sourceTree = "<group>";
		};
		84E49A541F8A5A7A005F7F33 = {
			isa = PBXGroup;
			children = (
				84297EDF1F8E85B700FE209D /* Alamofire.xcodeproj */,
				84E49A911F8A60D4005F7F33 /* Cartfile */,
				84E49A5F1F8A5A7A005F7F33 /* kontProject */,
				84E49A771F8A5A7A005F7F33 /* kontProjectTests */,
				84E49A821F8A5A7A005F7F33 /* kontProjectUITests */,
				84E49A5E1F8A5A7A005F7F33 /* Products */,
				84297E5E1F8C102600FE209D /* Frameworks */,
			);
			sourceTree = "<group>";
		};
		84E49A5E1F8A5A7A005F7F33 /* Products */ = {
			isa = PBXGroup;
			children = (
				84E49A5D1F8A5A7A005F7F33 /* kontProject.app */,
				84E49A741F8A5A7A005F7F33 /* kontProjectTests.xctest */,
				84E49A7F1F8A5A7A005F7F33 /* kontProjectUITests.xctest */,
			);
			name = Products;
			sourceTree = "<group>";
		};
		84E49A5F1F8A5A7A005F7F33 /* kontProject */ = {
			isa = PBXGroup;
			children = (
				84E49A601F8A5A7A005F7F33 /* AppDelegate.swift */,
				84E49A621F8A5A7A005F7F33 /* ViewController.swift */,
				84E49A641F8A5A7A005F7F33 /* Main.storyboard */,
				84E49A6A1F8A5A7A005F7F33 /* Assets.xcassets */,
				84E49A6C1F8A5A7A005F7F33 /* LaunchScreen.storyboard */,
				84E49A6F1F8A5A7A005F7F33 /* Info.plist */,
				84E49A671F8A5A7A005F7F33 /* kontProject.xcdatamodeld */,
			);
			path = kontProject;
			sourceTree = "<group>";
		};
		84E49A771F8A5A7A005F7F33 /* kontProjectTests */ = {
			isa = PBXGroup;
			children = (
				84E49A781F8A5A7A005F7F33 /* kontProjectTests.swift */,
				84E49A7A1F8A5A7A005F7F33 /* Info.plist */,
			);
			path = kontProjectTests;
			sourceTree = "<group>";
		};
		84E49A821F8A5A7A005F7F33 /* kontProjectUITests */ = {
			isa = PBXGroup;
			children = (
				84E49A831F8A5A7A005F7F33 /* kontProjectUITests.swift */,
				84E49A851F8A5A7A005F7F33 /* Info.plist */,
			);
			path = kontProjectUITests;
			sourceTree = "<group>";
		};
/* End PBXGroup section */

/* Begin PBXNativeTarget section */
		84E49A5C1F8A5A7A005F7F33 /* kontProject */ = {
			isa = PBXNativeTarget;
			buildConfigurationList = 84E49A881F8A5A7A005F7F33 /* Build configuration list for PBXNativeTarget "kontProject" */;
			buildPhases = (
				84E49A591F8A5A7A005F7F33 /* Sources */,
				84E49A5A1F8A5A7A005F7F33 /* Frameworks */,
				84E49A5B1F8A5A7A005F7F33 /* Resources */,
				84297EDE1F8E7C1100FE209D /* Embed Frameworks */,
			);
			buildRules = (
			);
			dependencies = (
				84297EFB1F8E85C200FE209D /* PBXTargetDependency */,
			);
			name = kontProject;
			productName = kontProject;
			productReference = 84E49A5D1F8A5A7A005F7F33 /* kontProject.app */;
			productType = "com.apple.product-type.application";
		};
		84E49A731F8A5A7A005F7F33 /* kontProjectTests */ = {
			isa = PBXNativeTarget;
			buildConfigurationList = 84E49A8B1F8A5A7A005F7F33 /* Build configuration list for PBXNativeTarget "kontProjectTests" */;
			buildPhases = (
				84E49A701F8A5A7A005F7F33 /* Sources */,
				84E49A711F8A5A7A005F7F33 /* Frameworks */,
				84E49A721F8A5A7A005F7F33 /* Resources */,
			);
			buildRules = (
			);
			dependencies = (
				84E49A761F8A5A7A005F7F33 /* PBXTargetDependency */,
			);
			name = kontProjectTests;
			productName = kontProjectTests;
			productReference = 84E49A741F8A5A7A005F7F33 /* kontProjectTests.xctest */;
			productType = "com.apple.product-type.bundle.unit-test";
		};
		84E49A7E1F8A5A7A005F7F33 /* kontProjectUITests */ = {
			isa = PBXNativeTarget;
			buildConfigurationList = 84E49A8E1F8A5A7A005F7F33 /* Build configuration list for PBXNativeTarget "kontProjectUITests" */;
			buildPhases = (
				84E49A7B1F8A5A7A005F7F33 /* Sources */,
				84E49A7C1F8A5A7A005F7F33 /* Frameworks */,
				84E49A7D1F8A5A7A005F7F33 /* Resources */,
			);
			buildRules = (
			);
			dependencies = (
				84E49A811F8A5A7A005F7F33 /* PBXTargetDependency */,
			);
			name = kontProjectUITests;
			productName = kontProjectUITests;
			productReference = 84E49A7F1F8A5A7A005F7F33 /* kontProjectUITests.xctest */;
			productType = "com.apple.product-type.bundle.ui-testing";
		};
/* End PBXNativeTarget section */

/* Begin PBXProject section */
		84E49A551F8A5A7A005F7F33 /* Project object */ = {
			isa = PBXProject;
			attributes = {
				LastSwiftUpdateCheck = 0900;
				LastUpgradeCheck = 0900;
				ORGANIZATIONNAME = Admin;
				TargetAttributes = {
					84E49A5C1F8A5A7A005F7F33 = {
						CreatedOnToolsVersion = 9.0;
						ProvisioningStyle = Automatic;
					};
					84E49A731F8A5A7A005F7F33 = {
						CreatedOnToolsVersion = 9.0;
						ProvisioningStyle = Automatic;
						TestTargetID = 84E49A5C1F8A5A7A005F7F33;
					};
					84E49A7E1F8A5A7A005F7F33 = {
						CreatedOnToolsVersion = 9.0;
						ProvisioningStyle = Automatic;
						TestTargetID = 84E49A5C1F8A5A7A005F7F33;
					};
				};
			};
			buildConfigurationList = 84E49A581F8A5A7A005F7F33 /* Build configuration list for PBXProject "kontProject" */;
			compatibilityVersion = "Xcode 8.0";
			developmentRegion = en;
			hasScannedForEncodings = 0;
			knownRegions = (
				en,
				Base,
			);
			mainGroup = 84E49A541F8A5A7A005F7F33;
			productRefGroup = 84E49A5E1F8A5A7A005F7F33 /* Products */;
			projectDirPath = "";
			projectReferences = (
				{
					ProductGroup = 84297EE01F8E85B700FE209D /* Products */;
					ProjectRef = 84297EDF1F8E85B700FE209D /* Alamofire.xcodeproj */;
				},
			);
			projectRoot = "";
			targets = (
				84E49A5C1F8A5A7A005F7F33 /* kontProject */,
				84E49A731F8A5A7A005F7F33 /* kontProjectTests */,
				84E49A7E1F8A5A7A005F7F33 /* kontProjectUITests */,
			);
		};
/* End PBXProject section */

/* Begin PBXReferenceProxy section */
		84297EEB1F8E85B800FE209D /* Alamofire.framework */ = {
			isa = PBXReferenceProxy;
			fileType = wrapper.framework;
			path = Alamofire.framework;
			remoteRef = 84297EEA1F8E85B800FE209D /* PBXContainerItemProxy */;
			sourceTree = BUILT_PRODUCTS_DIR;
		};
		84297EED1F8E85B800FE209D /* Alamofire iOS Tests.xctest */ = {
			isa = PBXReferenceProxy;
			fileType = wrapper.cfbundle;
			path = "Alamofire iOS Tests.xctest";
			remoteRef = 84297EEC1F8E85B800FE209D /* PBXContainerItemProxy */;
			sourceTree = BUILT_PRODUCTS_DIR;
		};
		84297EEF1F8E85B800FE209D /* Alamofire.framework */ = {
			isa = PBXReferenceProxy;
			fileType = wrapper.framework;
			path = Alamofire.framework;
			remoteRef = 84297EEE1F8E85B800FE209D /* PBXContainerItemProxy */;
			sourceTree = BUILT_PRODUCTS_DIR;
		};
		84297EF11F8E85B800FE209D /* Alamofire macOS Tests.xctest */ = {
			isa = PBXReferenceProxy;
			fileType = wrapper.cfbundle;
			path = "Alamofire macOS Tests.xctest";
			remoteRef = 84297EF01F8E85B800FE209D /* PBXContainerItemProxy */;
			sourceTree = BUILT_PRODUCTS_DIR;
		};
		84297EF31F8E85B800FE209D /* Alamofire.framework */ = {
			isa = PBXReferenceProxy;
			fileType = wrapper.framework;
			path = Alamofire.framework;
			remoteRef = 84297EF21F8E85B800FE209D /* PBXContainerItemProxy */;
			sourceTree = BUILT_PRODUCTS_DIR;
		};
		84297EF51F8E85B800FE209D /* Alamofire tvOS Tests.xctest */ = {
			isa = PBXReferenceProxy;
			fileType = wrapper.cfbundle;
			path = "Alamofire tvOS Tests.xctest";
			remoteRef = 84297EF41F8E85B800FE209D /* PBXContainerItemProxy */;
			sourceTree = BUILT_PRODUCTS_DIR;
		};
		84297EF71F8E85B800FE209D /* Alamofire.framework */ = {
			isa = PBXReferenceProxy;
			fileType = wrapper.framework;
			path = Alamofire.framework;
			remoteRef = 84297EF61F8E85B800FE209D /* PBXContainerItemProxy */;
			sourceTree = BUILT_PRODUCTS_DIR;
		};
/* End PBXReferenceProxy section */

/* Begin PBXResourcesBuildPhase section */
		84E49A5B1F8A5A7A005F7F33 /* Resources */ = {
			isa = PBXResourcesBuildPhase;
			buildActionMask = 2147483647;
			files = (
				84E49A6E1F8A5A7A005F7F33 /* LaunchScreen.storyboard in Resources */,
				84E49A6B1F8A5A7A005F7F33 /* Assets.xcassets in Resources */,
				84E49A921F8A60D4005F7F33 /* Cartfile in Resources */,
				84E49A661F8A5A7A005F7F33 /* Main.storyboard in Resources */,
			);
			runOnlyForDeploymentPostprocessing = 0;
		};
		84E49A721F8A5A7A005F7F33 /* Resources */ = {
			isa = PBXResourcesBuildPhase;
			buildActionMask = 2147483647;
			files = (
			);
			runOnlyForDeploymentPostprocessing = 0;
		};
		84E49A7D1F8A5A7A005F7F33 /* Resources */ = {
			isa = PBXResourcesBuildPhase;
			buildActionMask = 2147483647;
			files = (
			);
			runOnlyForDeploymentPostprocessing = 0;
		};
/* End PBXResourcesBuildPhase section */

/* Begin PBXSourcesBuildPhase section */
		84E49A591F8A5A7A005F7F33 /* Sources */ = {
			isa = PBXSourcesBuildPhase;
			buildActionMask = 2147483647;
			files = (
				84E49A631F8A5A7A005F7F33 /* ViewController.swift in Sources */,
				84E49A691F8A5A7A005F7F33 /* kontProject.xcdatamodeld in Sources */,
				84E49A611F8A5A7A005F7F33 /* AppDelegate.swift in Sources */,
			);
			runOnlyForDeploymentPostprocessing = 0;
		};
		84E49A701F8A5A7A005F7F33 /* Sources */ = {
			isa = PBXSourcesBuildPhase;
			buildActionMask = 2147483647;
			files = (
				84E49A791F8A5A7A005F7F33 /* kontProjectTests.swift in Sources */,
			);
			runOnlyForDeploymentPostprocessing = 0;
		};
		84E49A7B1F8A5A7A005F7F33 /* Sources */ = {
			isa = PBXSourcesBuildPhase;
			buildActionMask = 2147483647;
			files = (
				84E49A841F8A5A7A005F7F33 /* kontProjectUITests.swift in Sources */,
			);
			runOnlyForDeploymentPostprocessing = 0;
		};
/* End PBXSourcesBuildPhase section */

/* Begin PBXTargetDependency section */
		84297EFB1F8E85C200FE209D /* PBXTargetDependency */ = {
			isa = PBXTargetDependency;
			name = "Alamofire iOS";
			targetProxy = 84297EFA1F8E85C200FE209D /* PBXContainerItemProxy */;
		};
		84E49A761F8A5A7A005F7F33 /* PBXTargetDependency */ = {
			isa = PBXTargetDependency;
			target = 84E49A5C1F8A5A7A005F7F33 /* kontProject */;
			targetProxy = 84E49A751F8A5A7A005F7F33 /* PBXContainerItemProxy */;
		};
		84E49A811F8A5A7A005F7F33 /* PBXTargetDependency */ = {
			isa = PBXTargetDependency;
			target = 84E49A5C1F8A5A7A005F7F33 /* kontProject */;
			targetProxy = 84E49A801F8A5A7A005F7F33 /* PBXContainerItemProxy */;
		};
/* End PBXTargetDependency section */

/* Begin PBXVariantGroup section */
		84E49A641F8A5A7A005F7F33 /* Main.storyboard */ = {
			isa = PBXVariantGroup;
			children = (
				84E49A651F8A5A7A005F7F33 /* Base */,
			);
			name = Main.storyboard;
			sourceTree = "<group>";
		};
		84E49A6C1F8A5A7A005F7F33 /* LaunchScreen.storyboard */ = {
			isa = PBXVariantGroup;
			children = (
				84E49A6D1F8A5A7A005F7F33 /* Base */,
			);
			name = LaunchScreen.storyboard;
			sourceTree = "<group>";
		};
/* End PBXVariantGroup section */

/* Begin XCBuildConfiguration section */
		84E49A861F8A5A7A005F7F33 /* Debug */ = {
			isa = XCBuildConfiguration;
			buildSettings = {
				ALWAYS_SEARCH_USER_PATHS = NO;
				CLANG_ANALYZER_NONNULL = YES;
				CLANG_ANALYZER_NUMBER_OBJECT_CONVERSION = YES_AGGRESSIVE;
				CLANG_CXX_LANGUAGE_STANDARD = "gnu++14";
				CLANG_CXX_LIBRARY = "libc++";
				CLANG_ENABLE_MODULES = YES;
				CLANG_ENABLE_OBJC_ARC = YES;
				CLANG_WARN_BLOCK_CAPTURE_AUTORELEASING = YES;
				CLANG_WARN_BOOL_CONVERSION = YES;
				CLANG_WARN_COMMA = YES;
				CLANG_WARN_CONSTANT_CONVERSION = YES;
				CLANG_WARN_DIRECT_OBJC_ISA_USAGE = YES_ERROR;
				CLANG_WARN_DOCUMENTATION_COMMENTS = YES;
				CLANG_WARN_EMPTY_BODY = YES;
				CLANG_WARN_ENUM_CONVERSION = YES;
				CLANG_WARN_INFINITE_RECURSION = YES;
				CLANG_WARN_INT_CONVERSION = YES;
				CLANG_WARN_NON_LITERAL_NULL_CONVERSION = YES;
				CLANG_WARN_OBJC_LITERAL_CONVERSION = YES;
				CLANG_WARN_OBJC_ROOT_CLASS = YES_ERROR;
				CLANG_WARN_RANGE_LOOP_ANALYSIS = YES;
				CLANG_WARN_STRICT_PROTOTYPES = YES;
				CLANG_WARN_SUSPICIOUS_MOVE = YES;
				CLANG_WARN_UNGUARDED_AVAILABILITY = YES_AGGRESSIVE;
				CLANG_WARN_UNREACHABLE_CODE = YES;
				CLANG_WARN__DUPLICATE_METHOD_MATCH = YES;
				CODE_SIGN_IDENTITY = "iPhone Developer";
				COPY_PHASE_STRIP = NO;
				DEBUG_INFORMATION_FORMAT = dwarf;
				ENABLE_STRICT_OBJC_MSGSEND = YES;
				ENABLE_TESTABILITY = YES;
				GCC_C_LANGUAGE_STANDARD = gnu11;
				GCC_DYNAMIC_NO_PIC = NO;
				GCC_NO_COMMON_BLOCKS = YES;
				GCC_OPTIMIZATION_LEVEL = 0;
				GCC_PREPROCESSOR_DEFINITIONS = (
					"DEBUG=1",
					"$(inherited)",
				);
				GCC_WARN_64_TO_32_BIT_CONVERSION = YES;
				GCC_WARN_ABOUT_RETURN_TYPE = YES_ERROR;
				GCC_WARN_UNDECLARED_SELECTOR = YES;
				GCC_WARN_UNINITIALIZED_AUTOS = YES_AGGRESSIVE;
				GCC_WARN_UNUSED_FUNCTION = YES;
				GCC_WARN_UNUSED_VARIABLE = YES;
				IPHONEOS_DEPLOYMENT_TARGET = 11.0;
				MTL_ENABLE_DEBUG_INFO = YES;
				ONLY_ACTIVE_ARCH = YES;
				SDKROOT = iphoneos;
				SWIFT_ACTIVE_COMPILATION_CONDITIONS = DEBUG;
				SWIFT_OPTIMIZATION_LEVEL = "-Onone";
			};
			name = Debug;
		};
		84E49A871F8A5A7A005F7F33 /* Release */ = {
			isa = XCBuildConfiguration;
			buildSettings = {
				ALWAYS_SEARCH_USER_PATHS = NO;
				CLANG_ANALYZER_NONNULL = YES;
				CLANG_ANALYZER_NUMBER_OBJECT_CONVERSION = YES_AGGRESSIVE;
				CLANG_CXX_LANGUAGE_STANDARD = "gnu++14";
				CLANG_CXX_LIBRARY = "libc++";
				CLANG_ENABLE_MODULES = YES;
				CLANG_ENABLE_OBJC_ARC = YES;
				CLANG_WARN_BLOCK_CAPTURE_AUTORELEASING = YES;
				CLANG_WARN_BOOL_CONVERSION = YES;
				CLANG_WARN_COMMA = YES;
				CLANG_WARN_CONSTANT_CONVERSION = YES;
				CLANG_WARN_DIRECT_OBJC_ISA_USAGE = YES_ERROR;
				CLANG_WARN_DOCUMENTATION_COMMENTS = YES;
				CLANG_WARN_EMPTY_BODY = YES;
				CLANG_WARN_ENUM_CONVERSION = YES;
				CLANG_WARN_INFINITE_RECURSION = YES;
				CLANG_WARN_INT_CONVERSION = YES;
				CLANG_WARN_NON_LITERAL_NULL_CONVERSION = YES;
				CLANG_WARN_OBJC_LITERAL_CONVERSION = YES;
				CLANG_WARN_OBJC_ROOT_CLASS = YES_ERROR;
				CLANG_WARN_RANGE_LOOP_ANALYSIS = YES;
				CLANG_WARN_STRICT_PROTOTYPES = YES;
				CLANG_WARN_SUSPICIOUS_MOVE = YES;
				CLANG_WARN_UNGUARDED_AVAILABILITY = YES_AGGRESSIVE;
				CLANG_WARN_UNREACHABLE_CODE = YES;
				CLANG_WARN__DUPLICATE_METHOD_MATCH = YES;
				CODE_SIGN_IDENTITY = "iPhone Developer";
				COPY_PHASE_STRIP = NO;
				DEBUG_INFORMATION_FORMAT = "dwarf-with-dsym";
				ENABLE_NS_ASSERTIONS = NO;
				ENABLE_STRICT_OBJC_MSGSEND = YES;
				GCC_C_LANGUAGE_STANDARD = gnu11;
				GCC_NO_COMMON_BLOCKS = YES;
				GCC_WARN_64_TO_32_BIT_CONVERSION = YES;
				GCC_WARN_ABOUT_RETURN_TYPE = YES_ERROR;
				GCC_WARN_UNDECLARED_SELECTOR = YES;
				GCC_WARN_UNINITIALIZED_AUTOS = YES_AGGRESSIVE;
				GCC_WARN_UNUSED_FUNCTION = YES;
				GCC_WARN_UNUSED_VARIABLE = YES;
				IPHONEOS_DEPLOYMENT_TARGET = 11.0;
				MTL_ENABLE_DEBUG_INFO = NO;
				SDKROOT = iphoneos;
				SWIFT_OPTIMIZATION_LEVEL = "-Owholemodule";
				VALIDATE_PRODUCT = YES;
			};
			name = Release;
		};
		84E49A891F8A5A7A005F7F33 /* Debug */ = {
			isa = XCBuildConfiguration;
			buildSettings = {
				ALWAYS_EMBED_SWIFT_STANDARD_LIBRARIES = YES;
				ASSETCATALOG_COMPILER_APPICON_NAME = AppIcon;
				CODE_SIGN_STYLE = Automatic;
				INFOPLIST_FILE = kontProject/Info.plist;
				LD_RUNPATH_SEARCH_PATHS = "$(inherited) @executable_path/Frameworks";
				MTL_ENABLE_DEBUG_INFO = Yes;
				PRODUCT_BUNDLE_IDENTIFIER = PolyakovDenis.kontProject;
				PRODUCT_NAME = "$(TARGET_NAME)";
				SWIFT_VERSION = 4.0;
				TARGETED_DEVICE_FAMILY = "1,2";
			};
			name = Debug;
		};
		84E49A8A1F8A5A7A005F7F33 /* Release */ = {
			isa = XCBuildConfiguration;
			buildSettings = {
				ALWAYS_EMBED_SWIFT_STANDARD_LIBRARIES = YES;
				ASSETCATALOG_COMPILER_APPICON_NAME = AppIcon;
				CODE_SIGN_STYLE = Automatic;
				INFOPLIST_FILE = kontProject/Info.plist;
				LD_RUNPATH_SEARCH_PATHS = "$(inherited) @executable_path/Frameworks";
				MTL_ENABLE_DEBUG_INFO = Yes;
				PRODUCT_BUNDLE_IDENTIFIER = PolyakovDenis.kontProject;
				PRODUCT_NAME = "$(TARGET_NAME)";
				SWIFT_VERSION = 4.0;
				TARGETED_DEVICE_FAMILY = "1,2";
			};
			name = Release;
		};
		84E49A8C1F8A5A7A005F7F33 /* Debug */ = {
			isa = XCBuildConfiguration;
			buildSettings = {
				ALWAYS_EMBED_SWIFT_STANDARD_LIBRARIES = YES;
				BUNDLE_LOADER = "$(TEST_HOST)";
				CODE_SIGN_STYLE = Automatic;
				INFOPLIST_FILE = kontProjectTests/Info.plist;
				LD_RUNPATH_SEARCH_PATHS = "$(inherited) @executable_path/Frameworks @loader_path/Frameworks";
				PRODUCT_BUNDLE_IDENTIFIER = PolyakovDenis.kontProjectTests;
				PRODUCT_NAME = "$(TARGET_NAME)";
				SWIFT_VERSION = 4.0;
				TARGETED_DEVICE_FAMILY = "1,2";
				TEST_HOST = "$(BUILT_PRODUCTS_DIR)/kontProject.app/kontProject";
			};
			name = Debug;
		};
		84E49A8D1F8A5A7A005F7F33 /* Release */ = {
			isa = XCBuildConfiguration;
			buildSettings = {
				ALWAYS_EMBED_SWIFT_STANDARD_LIBRARIES = YES;
				BUNDLE_LOADER = "$(TEST_HOST)";
				CODE_SIGN_STYLE = Automatic;
				INFOPLIST_FILE = kontProjectTests/Info.plist;
				LD_RUNPATH_SEARCH_PATHS = "$(inherited) @executable_path/Frameworks @loader_path/Frameworks";
				PRODUCT_BUNDLE_IDENTIFIER = PolyakovDenis.kontProjectTests;
				PRODUCT_NAME = "$(TARGET_NAME)";
				SWIFT_VERSION = 4.0;
				TARGETED_DEVICE_FAMILY = "1,2";
				TEST_HOST = "$(BUILT_PRODUCTS_DIR)/kontProject.app/kontProject";
			};
			name = Release;
		};
		84E49A8F1F8A5A7A005F7F33 /* Debug */ = {
			isa = XCBuildConfiguration;
			buildSettings = {
				ALWAYS_EMBED_SWIFT_STANDARD_LIBRARIES = YES;
				CODE_SIGN_STYLE = Automatic;
				INFOPLIST_FILE = kontProjectUITests/Info.plist;
				LD_RUNPATH_SEARCH_PATHS = "$(inherited) @executable_path/Frameworks @loader_path/Frameworks";
				PRODUCT_BUNDLE_IDENTIFIER = PolyakovDenis.kontProjectUITests;
				PRODUCT_NAME = "$(TARGET_NAME)";
				SWIFT_VERSION = 4.0;
				TARGETED_DEVICE_FAMILY = "1,2";
				TEST_TARGET_NAME = kontProject;
			};
			name = Debug;
		};
		84E49A901F8A5A7A005F7F33 /* Release */ = {
			isa = XCBuildConfiguration;
			buildSettings = {
				ALWAYS_EMBED_SWIFT_STANDARD_LIBRARIES = YES;
				CODE_SIGN_STYLE = Automatic;
				INFOPLIST_FILE = kontProjectUITests/Info.plist;
				LD_RUNPATH_SEARCH_PATHS = "$(inherited) @executable_path/Frameworks @loader_path/Frameworks";
				PRODUCT_BUNDLE_IDENTIFIER = PolyakovDenis.kontProjectUITests;
				PRODUCT_NAME = "$(TARGET_NAME)";
				SWIFT_VERSION = 4.0;
				TARGETED_DEVICE_FAMILY = "1,2";
				TEST_TARGET_NAME = kontProject;
			};
			name = Release;
		};
/* End XCBuildConfiguration section */

/* Begin XCConfigurationList section */
		84E49A581F8A5A7A005F7F33 /* Build configuration list for PBXProject "kontProject" */ = {
			isa = XCConfigurationList;
			buildConfigurations = (
				84E49A861F8A5A7A005F7F33 /* Debug */,
				84E49A871F8A5A7A005F7F33 /* Release */,
			);
			defaultConfigurationIsVisible = 0;
			defaultConfigurationName = Release;
		};
		84E49A881F8A5A7A005F7F33 /* Build configuration list for PBXNativeTarget "kontProject" */ = {
			isa = XCConfigurationList;
			buildConfigurations = (
				84E49A891F8A5A7A005F7F33 /* Debug */,
				84E49A8A1F8A5A7A005F7F33 /* Release */,
			);
			defaultConfigurationIsVisible = 0;
			defaultConfigurationName = Release;
		};
		84E49A8B1F8A5A7A005F7F33 /* Build configuration list for PBXNativeTarget "kontProjectTests" */ = {
			isa = XCConfigurationList;
			buildConfigurations = (
				84E49A8C1F8A5A7A005F7F33 /* Debug */,
				84E49A8D1F8A5A7A005F7F33 /* Release */,
			);
			defaultConfigurationIsVisible = 0;
			defaultConfigurationName = Release;
		};
		84E49A8E1F8A5A7A005F7F33 /* Build configuration list for PBXNativeTarget "kontProjectUITests" */ = {
			isa = XCConfigurationList;
			buildConfigurations = (
				84E49A8F1F8A5A7A005F7F33 /* Debug */,
				84E49A901F8A5A7A005F7F33 /* Release */,
			);
			defaultConfigurationIsVisible = 0;
			defaultConfigurationName = Release;
		};
/* End XCConfigurationList section */

/* Begin XCVersionGroup section */
		84E49A671F8A5A7A005F7F33 /* kontProject.xcdatamodeld */ = {
			isa = XCVersionGroup;
			children = (
				84E49A681F8A5A7A005F7F33 /* kontProject.xcdatamodel */,
			);
			currentVersion = 84E49A681F8A5A7A005F7F33 /* kontProject.xcdatamodel */;
			path = kontProject.xcdatamodeld;
			sourceTree = "<group>";
			versionGroupType = wrapper.xcdatamodel;
		};
/* End XCVersionGroup section */
	};
	rootObject = 84E49A551F8A5A7A005F7F33 /* Project object */;
}
